
Microsoft Visual Studio Solution File, Format Version 12.00
Project("{FAE04EC0-301F-11D3-BF4B-00C04F79EFBC}") = "Sander0542.CMLedController.Chroma", "src\Sander0542.CMLedController.Chroma\Sander0542.CMLedController.Chroma.csproj", "{17AD0A8D-31E5-4EB5-A88D-4624BED47E4A}"
EndProject
Project("{2150E333-8FDC-42A3-9474-1A3956D46DE8}") = "src", "src", "{FF7A7245-5961-4C06-A2D8-339978F36A41}"
EndProject
Project("{FAE04EC0-301F-11D3-BF4B-00C04F79EFBC}") = "Sander0542.CMLedController", "src\Sander0542.CMLedController\Sander0542.CMLedController.csproj", "{1FA23FA6-8D0A-4DC4-A5DC-BCFBE8601B31}"
EndProject
Project("{FAE04EC0-301F-11D3-BF4B-00C04F79EFBC}") = "Sander0542.CMLedController.Console", "src\Sander0542.CMLedController.Console\Sander0542.CMLedController.Console.csproj", "{93681C34-06C2-48DF-9680-2BFC3D9F1E4B}"
EndProject
Project("{FAE04EC0-301F-11D3-BF4B-00C04F79EFBC}") = "Sander0542.CMLedController.Abstractions", "src\Sander0542.CMLedController.Abstractions\Sander0542.CMLedController.Abstractions.csproj", "{BBDE828A-4B77-457C-AD37-3C9A19593816}"
EndProject
Project("{FAE04EC0-301F-11D3-BF4B-00C04F79EFBC}") = "Sander0542.CMLedController.DeviceDotNet", "src\Sander0542.CMLedController.DeviceDotNet\Sander0542.CMLedController.DeviceDotNet.csproj", "{D127115B-146A-4849-B7C4-0D9A5E40013F}"
EndProject
Project("{FAE04EC0-301F-11D3-BF4B-00C04F79EFBC}") = "Sander0542.CMLedController.HidLibrary", "src\Sander0542.CMLedController.HidLibrary\Sander0542.CMLedController.HidLibrary.csproj", "{2283A9EE-CCD8-4624-AF77-D7CBA19A1F96}"
EndProject
Global
	GlobalSection(SolutionConfigurationPlatforms) = preSolution
		Debug|Any CPU = Debug|Any CPU
		Release|Any CPU = Release|Any CPU
	EndGlobalSection
	GlobalSection(ProjectConfigurationPlatforms) = postSolution
		{17AD0A8D-31E5-4EB5-A88D-4624BED47E4A}.Debug|Any CPU.ActiveCfg = Debug|Any CPU
		{17AD0A8D-31E5-4EB5-A88D-4624BED47E4A}.Debug|Any CPU.Build.0 = Debug|Any CPU
		{17AD0A8D-31E5-4EB5-A88D-4624BED47E4A}.Release|Any CPU.ActiveCfg = Release|Any CPU
		{17AD0A8D-31E5-4EB5-A88D-4624BED47E4A}.Release|Any CPU.Build.0 = Release|Any CPU
		{1FA23FA6-8D0A-4DC4-A5DC-BCFBE8601B31}.Debug|Any CPU.ActiveCfg = Debug|Any CPU
		{1FA23FA6-8D0A-4DC4-A5DC-BCFBE8601B31}.Debug|Any CPU.Build.0 = Debug|Any CPU
		{1FA23FA6-8D0A-4DC4-A5DC-BCFBE8601B31}.Release|Any CPU.ActiveCfg = Release|Any CPU
		{1FA23FA6-8D0A-4DC4-A5DC-BCFBE8601B31}.Release|Any CPU.Build.0 = Release|Any CPU
		{93681C34-06C2-48DF-9680-2BFC3D9F1E4B}.Debug|Any CPU.ActiveCfg = Debug|Any CPU
		{93681C34-06C2-48DF-9680-2BFC3D9F1E4B}.Debug|Any CPU.Build.0 = Debug|Any CPU
		{93681C34-06C2-48DF-9680-2BFC3D9F1E4B}.Release|Any CPU.ActiveCfg = Release|Any CPU
		{93681C34-06C2-48DF-9680-2BFC3D9F1E4B}.Release|Any CPU.Build.0 = Release|Any CPU
		{BBDE828A-4B77-457C-AD37-3C9A19593816}.Debug|Any CPU.ActiveCfg = Debug|Any CPU
		{BBDE828A-4B77-457C-AD37-3C9A19593816}.Debug|Any CPU.Build.0 = Debug|Any CPU
		{BBDE828A-4B77-457C-AD37-3C9A19593816}.Release|Any CPU.ActiveCfg = Release|Any CPU
		{BBDE828A-4B77-457C-AD37-3C9A19593816}.Release|Any CPU.Build.0 = Release|Any CPU
		{D127115B-146A-4849-B7C4-0D9A5E40013F}.Debug|Any CPU.ActiveCfg = Debug|Any CPU
		{D127115B-146A-4849-B7C4-0D9A5E40013F}.Debug|Any CPU.Build.0 = Debug|Any CPU
		{D127115B-146A-4849-B7C4-0D9A5E40013F}.Release|Any CPU.ActiveCfg = Release|Any CPU
		{D127115B-146A-4849-B7C4-0D9A5E40013F}.Release|Any CPU.Build.0 = Release|Any CPU
		{2283A9EE-CCD8-4624-AF77-D7CBA19A1F96}.Debug|Any CPU.ActiveCfg = Debug|Any CPU
		{2283A9EE-CCD8-4624-AF77-D7CBA19A1F96}.Debug|Any CPU.Build.0 = Debug|Any CPU
		{2283A9EE-CCD8-4624-AF77-D7CBA19A1F96}.Release|Any CPU.ActiveCfg = Release|Any CPU
		{2283A9EE-CCD8-4624-AF77-D7CBA19A1F96}.Release|Any CPU.Build.0 = Release|Any CPU
	EndGlobalSection
	GlobalSection(NestedProjects) = preSolution
		{17AD0A8D-31E5-4EB5-A88D-4624BED47E4A} = {FF7A7245-5961-4C06-A2D8-339978F36A41}
		{1FA23FA6-8D0A-4DC4-A5DC-BCFBE8601B31} = {FF7A7245-5961-4C06-A2D8-339978F36A41}
		{93681C34-06C2-48DF-9680-2BFC3D9F1E4B} = {FF7A7245-5961-4C06-A2D8-339978F36A41}
		{BBDE828A-4B77-457C-AD37-3C9A19593816} = {FF7A7245-5961-4C06-A2D8-339978F36A41}
		{D127115B-146A-4849-B7C4-0D9A5E40013F} = {FF7A7245-5961-4C06-A2D8-339978F36A41}
		{2283A9EE-CCD8-4624-AF77-D7CBA19A1F96} = {FF7A7245-5961-4C06-A2D8-339978F36A41}
	EndGlobalSection
EndGlobal
